
Microsoft Visual Studio Solution File, Format Version 12.00
# Visual Studio Version 16
VisualStudioVersion = 16.0.30413.136
MinimumVisualStudioVersion = 10.0.40219.1
Project("{9092AA53-FB77-4645-B42D-1CCCA6BD08BD}") = "server", "server.njsproj", "{047BD240-4BE1-4FF4-A43B-1779716C4AC1}"
EndProject
Global
	GlobalSection(SolutionConfigurationPlatforms) = preSolution
		Debug|Any CPU = Debug|Any CPU
		Release|Any CPU = Release|Any CPU
	EndGlobalSection
	GlobalSection(ProjectConfigurationPlatforms) = postSolution
		{047BD240-4BE1-4FF4-A43B-1779716C4AC1}.Debug|Any CPU.ActiveCfg = Debug|Any CPU
		{047BD240-4BE1-4FF4-A43B-1779716C4AC1}.Debug|Any CPU.Build.0 = Debug|Any CPU
		{047BD240-4BE1-4FF4-A43B-1779716C4AC1}.Release|Any CPU.ActiveCfg = Release|Any CPU
		{047BD240-4BE1-4FF4-A43B-1779716C4AC1}.Release|Any CPU.Build.0 = Release|Any CPU
	EndGlobalSection
	GlobalSection(SolutionProperties) = preSolution
		HideSolutionNode = FALSE
	EndGlobalSection
	GlobalSection(ExtensibilityGlobals) = postSolution
		SolutionGuid = {B10087B3-68A4-41A4-9EE7-66CBB87FF710}
	EndGlobalSection
EndGlobal
